
Microsoft Visual Studio Solution File, Format Version 12.00
# Visual Studio Version 17
VisualStudioVersion = 17.4.33213.308
MinimumVisualStudioVersion = 10.0.40219.1
Project("{FAE04EC0-301F-11D3-BF4B-00C04F79EFBC}") = "AspNetTest", "AspNetTest\AspNetTest.csproj", "{92D081C0-FBFD-41C4-8DAE-E24A16C50DA6}"
EndProject
Global
	GlobalSection(SolutionConfigurationPlatforms) = preSolution
		Debug|Any CPU = Debug|Any CPU
		Release|Any CPU = Release|Any CPU
	EndGlobalSection
	GlobalSection(ProjectConfigurationPlatforms) = postSolution
		{92D081C0-FBFD-41C4-8DAE-E24A16C50DA6}.Debug|Any CPU.ActiveCfg = Debug|Any CPU
		{92D081C0-FBFD-41C4-8DAE-E24A16C50DA6}.Debug|Any CPU.Build.0 = Debug|Any CPU
		{92D081C0-FBFD-41C4-8DAE-E24A16C50DA6}.Release|Any CPU.ActiveCfg = Release|Any CPU
		{92D081C0-FBFD-41C4-8DAE-E24A16C50DA6}.Release|Any CPU.Build.0 = Release|Any CPU
	EndGlobalSection
	GlobalSection(SolutionProperties) = preSolution
		HideSolutionNode = FALSE
	EndGlobalSection
	GlobalSection(ExtensibilityGlobals) = postSolution
		SolutionGuid = {3C501D13-7A82-4570-88CF-6123C0970C00}
	EndGlobalSection
EndGlobal
